{
  "name": "cripto_bot",
  "version": "1.0.0",
  "lockfileVersion": 2,
  "requires": true,
  "packages": {
    "": {
      "name": "cripto_bot",
      "version": "1.0.0",
      "license": "ISC",
      "dependencies": {
        "dotenv": "^16.4.1",
        "tonapi-sdk-js": "^1.0.1"
      }
    },
    "node_modules/dotenv": {
      "version": "16.4.1",
      "resolved": "https://registry.npmjs.org/dotenv/-/dotenv-16.4.1.tgz",
      "integrity": "sha512-CjA3y+Dr3FyFDOAMnxZEGtnW9KBR2M0JvvUtXNW+dYJL5ROWxP9DUHCwgFqpMk0OXCc0ljhaNTr2w/kutYIcHQ==",
      "engines": {
        "node": ">=12"
      },
      "funding": {
        "url": "https://github.com/motdotla/dotenv?sponsor=1"
      }
    },
    "node_modules/tonapi-sdk-js": {
      "version": "1.0.1",
      "resolved": "https://registry.npmjs.org/tonapi-sdk-js/-/tonapi-sdk-js-1.0.1.tgz",
      "integrity": "sha512-ZFPRZ2JQWQlNQs+ZggzdWS8m1pSFeklPmUt3asdnljMceRPopWUcyU2LGw2/GhIxde7XKqF/kimF/1EkSUV/og=="
    }
  },
  "dependencies": {
    "dotenv": {
      "version": "16.4.1",
      "resolved": "https://registry.npmjs.org/dotenv/-/dotenv-16.4.1.tgz",
      "integrity": "sha512-CjA3y+Dr3FyFDOAMnxZEGtnW9KBR2M0JvvUtXNW+dYJL5ROWxP9DUHCwgFqpMk0OXCc0ljhaNTr2w/kutYIcHQ=="
    },
    "tonapi-sdk-js": {
      "version": "1.0.1",
      "resolved": "https://registry.npmjs.org/tonapi-sdk-js/-/tonapi-sdk-js-1.0.1.tgz",
      "integrity": "sha512-ZFPRZ2JQWQlNQs+ZggzdWS8m1pSFeklPmUt3asdnljMceRPopWUcyU2LGw2/GhIxde7XKqF/kimF/1EkSUV/og=="
    }
  }
}
